// !$*UTF8*$!
{
	archiveVersion = 1;
	classes = {
	};
	objectVersion = 50;
	objects = {

/* Begin PBXBuildFile section */
		7B85E9322143DAA421EDE258 /* libPods-notePod.a in Frameworks */ = {isa = PBXBuildFile; fileRef = D937212075974096F30D4719 /* libPods-notePod.a */; };
		D411651725ADA40800FC8E36 /* AppDelegate.m in Sources */ = {isa = PBXBuildFile; fileRef = D411651625ADA40800FC8E36 /* AppDelegate.m */; };
		D411651A25ADA40800FC8E36 /* SceneDelegate.m in Sources */ = {isa = PBXBuildFile; fileRef = D411651925ADA40800FC8E36 /* SceneDelegate.m */; };
		D411651D25ADA40800FC8E36 /* ViewController.m in Sources */ = {isa = PBXBuildFile; fileRef = D411651C25ADA40800FC8E36 /* ViewController.m */; };
		D411652025ADA40800FC8E36 /* Main.storyboard in Resources */ = {isa = PBXBuildFile; fileRef = D411651E25ADA40800FC8E36 /* Main.storyboard */; };
		D411652225ADA40F00FC8E36 /* Assets.xcassets in Resources */ = {isa = PBXBuildFile; fileRef = D411652125ADA40F00FC8E36 /* Assets.xcassets */; };
		D411652525ADA40F00FC8E36 /* LaunchScreen.storyboard in Resources */ = {isa = PBXBuildFile; fileRef = D411652325ADA40F00FC8E36 /* LaunchScreen.storyboard */; };
		D411652825ADA40F00FC8E36 /* main.m in Sources */ = {isa = PBXBuildFile; fileRef = D411652725ADA40F00FC8E36 /* main.m */; };
		D428C0FC25B0385A0056018A /* AppDelegate.h in Sources */ = {isa = PBXBuildFile; fileRef = D411651525ADA40800FC8E36 /* AppDelegate.h */; };
		D4549E1C25ADABA200F9225A /* userViewController.m in Sources */ = {isa = PBXBuildFile; fileRef = D4549E1B25ADABA200F9225A /* userViewController.m */; };
		D4549E2025ADABAC00F9225A /* tubiaoViewController.m in Sources */ = {isa = PBXBuildFile; fileRef = D4549E1F25ADABAC00F9225A /* tubiaoViewController.m */; };
		D4549E2425ADABB900F9225A /* rijiViewController.m in Sources */ = {isa = PBXBuildFile; fileRef = D4549E2325ADABB900F9225A /* rijiViewController.m */; };
		D4549E2D25ADADCB00F9225A /* homePageViewController.m in Sources */ = {isa = PBXBuildFile; fileRef = D4549E2C25ADADCB00F9225A /* homePageViewController.m */; };
		D47A05B225C8DE98004FE230 /* homePageTableViewController.m in Sources */ = {isa = PBXBuildFile; fileRef = D47A05B125C8DE98004FE230 /* homePageTableViewController.m */; };
		D47A05B625C8DEB1004FE230 /* homePageTableViewCell.m in Sources */ = {isa = PBXBuildFile; fileRef = D47A05B525C8DEB1004FE230 /* homePageTableViewCell.m */; };
		D4E64EB825C8ECD400EE8247 /* tableHeaderView.m in Sources */ = {isa = PBXBuildFile; fileRef = D4E64EB725C8ECD400EE8247 /* tableHeaderView.m */; };
		D4E64EBE25C9257600EE8247 /* tableFooterView.m in Sources */ = {isa = PBXBuildFile; fileRef = D4E64EBD25C9257600EE8247 /* tableFooterView.m */; };
		D4E64EC525C9341700EE8247 /* tallyViewController.m in Sources */ = {isa = PBXBuildFile; fileRef = D4E64EC425C9341700EE8247 /* tallyViewController.m */; };
		D4E825F825C9520B00A9A8B3 /* tallySegment.m in Sources */ = {isa = PBXBuildFile; fileRef = D4E825F725C9520B00A9A8B3 /* tallySegment.m */; };
		D4E825FD25C9577E00A9A8B3 /* tallyScrollView.m in Sources */ = {isa = PBXBuildFile; fileRef = D4E825FC25C9577E00A9A8B3 /* tallyScrollView.m */; };
		D4E8260225CA441800A9A8B3 /* tallyBaseViewController.m in Sources */ = {isa = PBXBuildFile; fileRef = D4E8260125CA441800A9A8B3 /* tallyBaseViewController.m */; };
		D4E8260A25CA679700A9A8B3 /* tallyBaseView.m in Sources */ = {isa = PBXBuildFile; fileRef = D4E8260925CA679700A9A8B3 /* tallyBaseView.m */; };
/* End PBXBuildFile section */

/* Begin PBXFileReference section */
		607433EF3181706626A6DECF /* Pods-notePod.release.xcconfig */ = {isa = PBXFileReference; includeInIndex = 1; lastKnownFileType = text.xcconfig; name = "Pods-notePod.release.xcconfig"; path = "Target Support Files/Pods-notePod/Pods-notePod.release.xcconfig"; sourceTree = "<group>"; };
		64BD3725024B22C15FDDDAAE /* Pods-notePod.debug.xcconfig */ = {isa = PBXFileReference; includeInIndex = 1; lastKnownFileType = text.xcconfig; name = "Pods-notePod.debug.xcconfig"; path = "Target Support Files/Pods-notePod/Pods-notePod.debug.xcconfig"; sourceTree = "<group>"; };
		D411651225ADA40800FC8E36 /* notePod.app */ = {isa = PBXFileReference; explicitFileType = wrapper.application; includeInIndex = 0; path = notePod.app; sourceTree = BUILT_PRODUCTS_DIR; };
		D411651525ADA40800FC8E36 /* AppDelegate.h */ = {isa = PBXFileReference; lastKnownFileType = sourcecode.c.h; path = AppDelegate.h; sourceTree = "<group>"; };
		D411651625ADA40800FC8E36 /* AppDelegate.m */ = {isa = PBXFileReference; lastKnownFileType = sourcecode.c.objc; path = AppDelegate.m; sourceTree = "<group>"; };
		D411651825ADA40800FC8E36 /* SceneDelegate.h */ = {isa = PBXFileReference; lastKnownFileType = sourcecode.c.h; path = SceneDelegate.h; sourceTree = "<group>"; };
		D411651925ADA40800FC8E36 /* SceneDelegate.m */ = {isa = PBXFileReference; lastKnownFileType = sourcecode.c.objc; path = SceneDelegate.m; sourceTree = "<group>"; };
		D411651B25ADA40800FC8E36 /* ViewController.h */ = {isa = PBXFileReference; lastKnownFileType = sourcecode.c.h; path = ViewController.h; sourceTree = "<group>"; };
		D411651C25ADA40800FC8E36 /* ViewController.m */ = {isa = PBXFileReference; lastKnownFileType = sourcecode.c.objc; path = ViewController.m; sourceTree = "<group>"; };
		D411651F25ADA40800FC8E36 /* Base */ = {isa = PBXFileReference; lastKnownFileType = file.storyboard; name = Base; path = Base.lproj/Main.storyboard; sourceTree = "<group>"; };
		D411652125ADA40F00FC8E36 /* Assets.xcassets */ = {isa = PBXFileReference; lastKnownFileType = folder.assetcatalog; path = Assets.xcassets; sourceTree = "<group>"; };
		D411652425ADA40F00FC8E36 /* Base */ = {isa = PBXFileReference; lastKnownFileType = file.storyboard; name = Base; path = Base.lproj/LaunchScreen.storyboard; sourceTree = "<group>"; };
		D411652625ADA40F00FC8E36 /* Info.plist */ = {isa = PBXFileReference; lastKnownFileType = text.plist.xml; path = Info.plist; sourceTree = "<group>"; };
		D411652725ADA40F00FC8E36 /* main.m */ = {isa = PBXFileReference; lastKnownFileType = sourcecode.c.objc; path = main.m; sourceTree = "<group>"; };
		D4549E1A25ADABA200F9225A /* userViewController.h */ = {isa = PBXFileReference; lastKnownFileType = sourcecode.c.h; path = userViewController.h; sourceTree = "<group>"; };
		D4549E1B25ADABA200F9225A /* userViewController.m */ = {isa = PBXFileReference; lastKnownFileType = sourcecode.c.objc; path = userViewController.m; sourceTree = "<group>"; };
		D4549E1E25ADABAC00F9225A /* tubiaoViewController.h */ = {isa = PBXFileReference; lastKnownFileType = sourcecode.c.h; path = tubiaoViewController.h; sourceTree = "<group>"; };
		D4549E1F25ADABAC00F9225A /* tubiaoViewController.m */ = {isa = PBXFileReference; lastKnownFileType = sourcecode.c.objc; path = tubiaoViewController.m; sourceTree = "<group>"; };
		D4549E2225ADABB900F9225A /* rijiViewController.h */ = {isa = PBXFileReference; lastKnownFileType = sourcecode.c.h; path = rijiViewController.h; sourceTree = "<group>"; };
		D4549E2325ADABB900F9225A /* rijiViewController.m */ = {isa = PBXFileReference; lastKnownFileType = sourcecode.c.objc; path = rijiViewController.m; sourceTree = "<group>"; };
		D4549E2B25ADADCB00F9225A /* homePageViewController.h */ = {isa = PBXFileReference; lastKnownFileType = sourcecode.c.h; path = homePageViewController.h; sourceTree = "<group>"; };
		D4549E2C25ADADCB00F9225A /* homePageViewController.m */ = {isa = PBXFileReference; lastKnownFileType = sourcecode.c.objc; path = homePageViewController.m; sourceTree = "<group>"; };
		D47A05B025C8DE98004FE230 /* homePageTableViewController.h */ = {isa = PBXFileReference; lastKnownFileType = sourcecode.c.h; path = homePageTableViewController.h; sourceTree = "<group>"; };
		D47A05B125C8DE98004FE230 /* homePageTableViewController.m */ = {isa = PBXFileReference; lastKnownFileType = sourcecode.c.objc; path = homePageTableViewController.m; sourceTree = "<group>"; };
		D47A05B425C8DEB1004FE230 /* homePageTableViewCell.h */ = {isa = PBXFileReference; lastKnownFileType = sourcecode.c.h; path = homePageTableViewCell.h; sourceTree = "<group>"; };
		D47A05B525C8DEB1004FE230 /* homePageTableViewCell.m */ = {isa = PBXFileReference; lastKnownFileType = sourcecode.c.objc; path = homePageTableViewCell.m; sourceTree = "<group>"; };
		D4E64EB025C8E9DF00EE8247 /* PrefixHeader.pch */ = {isa = PBXFileReference; lastKnownFileType = sourcecode.c.h; path = PrefixHeader.pch; sourceTree = "<group>"; };
		D4E64EB625C8ECD400EE8247 /* tableHeaderView.h */ = {isa = PBXFileReference; lastKnownFileType = sourcecode.c.h; path = tableHeaderView.h; sourceTree = "<group>"; };
		D4E64EB725C8ECD400EE8247 /* tableHeaderView.m */ = {isa = PBXFileReference; lastKnownFileType = sourcecode.c.objc; path = tableHeaderView.m; sourceTree = "<group>"; };
		D4E64EBC25C9257600EE8247 /* tableFooterView.h */ = {isa = PBXFileReference; lastKnownFileType = sourcecode.c.h; path = tableFooterView.h; sourceTree = "<group>"; };
		D4E64EBD25C9257600EE8247 /* tableFooterView.m */ = {isa = PBXFileReference; lastKnownFileType = sourcecode.c.objc; path = tableFooterView.m; sourceTree = "<group>"; };
		D4E64EC325C9341700EE8247 /* tallyViewController.h */ = {isa = PBXFileReference; lastKnownFileType = sourcecode.c.h; path = tallyViewController.h; sourceTree = "<group>"; };
		D4E64EC425C9341700EE8247 /* tallyViewController.m */ = {isa = PBXFileReference; lastKnownFileType = sourcecode.c.objc; path = tallyViewController.m; sourceTree = "<group>"; };
		D4E825F625C9520B00A9A8B3 /* tallySegment.h */ = {isa = PBXFileReference; lastKnownFileType = sourcecode.c.h; path = tallySegment.h; sourceTree = "<group>"; };
		D4E825F725C9520B00A9A8B3 /* tallySegment.m */ = {isa = PBXFileReference; lastKnownFileType = sourcecode.c.objc; path = tallySegment.m; sourceTree = "<group>"; };
		D4E825FB25C9577E00A9A8B3 /* tallyScrollView.h */ = {isa = PBXFileReference; lastKnownFileType = sourcecode.c.h; path = tallyScrollView.h; sourceTree = "<group>"; };
		D4E825FC25C9577E00A9A8B3 /* tallyScrollView.m */ = {isa = PBXFileReference; lastKnownFileType = sourcecode.c.objc; path = tallyScrollView.m; sourceTree = "<group>"; };
		D4E8260025CA441800A9A8B3 /* tallyBaseViewController.h */ = {isa = PBXFileReference; lastKnownFileType = sourcecode.c.h; path = tallyBaseViewController.h; sourceTree = "<group>"; };
		D4E8260125CA441800A9A8B3 /* tallyBaseViewController.m */ = {isa = PBXFileReference; lastKnownFileType = sourcecode.c.objc; path = tallyBaseViewController.m; sourceTree = "<group>"; };
		D4E8260825CA679700A9A8B3 /* tallyBaseView.h */ = {isa = PBXFileReference; lastKnownFileType = sourcecode.c.h; path = tallyBaseView.h; sourceTree = "<group>"; };
		D4E8260925CA679700A9A8B3 /* tallyBaseView.m */ = {isa = PBXFileReference; lastKnownFileType = sourcecode.c.objc; path = tallyBaseView.m; sourceTree = "<group>"; };
		D937212075974096F30D4719 /* libPods-notePod.a */ = {isa = PBXFileReference; explicitFileType = archive.ar; includeInIndex = 0; path = "libPods-notePod.a"; sourceTree = BUILT_PRODUCTS_DIR; };
/* End PBXFileReference section */

/* Begin PBXFrameworksBuildPhase section */
		D411650F25ADA40800FC8E36 /* Frameworks */ = {
			isa = PBXFrameworksBuildPhase;
			buildActionMask = 2147483647;
			files = (
				7B85E9322143DAA421EDE258 /* libPods-notePod.a in Frameworks */,
			);
			runOnlyForDeploymentPostprocessing = 0;
		};
/* End PBXFrameworksBuildPhase section */

/* Begin PBXGroup section */
		8DEEC6A4F387C502465B9756 /* Pods */ = {
			isa = PBXGroup;
			children = (
				64BD3725024B22C15FDDDAAE /* Pods-notePod.debug.xcconfig */,
				607433EF3181706626A6DECF /* Pods-notePod.release.xcconfig */,
			);
			path = Pods;
			sourceTree = "<group>";
		};
		B4856E109E27F66F2EFA9437 /* Frameworks */ = {
			isa = PBXGroup;
			children = (
				D937212075974096F30D4719 /* libPods-notePod.a */,
			);
			name = Frameworks;
			sourceTree = "<group>";
		};
		D411650925ADA40800FC8E36 = {
			isa = PBXGroup;
			children = (
				D411651425ADA40800FC8E36 /* notePod */,
				D411651325ADA40800FC8E36 /* Products */,
				8DEEC6A4F387C502465B9756 /* Pods */,
				B4856E109E27F66F2EFA9437 /* Frameworks */,
			);
			sourceTree = "<group>";
		};
		D411651325ADA40800FC8E36 /* Products */ = {
			isa = PBXGroup;
			children = (
				D411651225ADA40800FC8E36 /* notePod.app */,
			);
			name = Products;
			sourceTree = "<group>";
		};
		D411651425ADA40800FC8E36 /* notePod */ = {
			isa = PBXGroup;
			children = (
				D4E9A31125ADA9A7009F0FF2 /* other */,
				D4E9A30C25ADA98B009F0FF2 /* Class */,
				D411652125ADA40F00FC8E36 /* Assets.xcassets */,
				D411652625ADA40F00FC8E36 /* Info.plist */,
				D411652725ADA40F00FC8E36 /* main.m */,
			);
			path = notePod;
			sourceTree = "<group>";
		};
		D4549E2825ADAD9F00F9225A /* M */ = {
			isa = PBXGroup;
			children = (
			);
			path = M;
			sourceTree = "<group>";
		};
		D4549E2925ADAD9F00F9225A /* V */ = {
			isa = PBXGroup;
			children = (
				D47A05B425C8DEB1004FE230 /* homePageTableViewCell.h */,
				D47A05B525C8DEB1004FE230 /* homePageTableViewCell.m */,
				D4E64EB625C8ECD400EE8247 /* tableHeaderView.h */,
				D4E64EB725C8ECD400EE8247 /* tableHeaderView.m */,
				D4E64EBC25C9257600EE8247 /* tableFooterView.h */,
				D4E64EBD25C9257600EE8247 /* tableFooterView.m */,
			);
			path = V;
			sourceTree = "<group>";
		};
		D4549E2A25ADAD9F00F9225A /* C */ = {
			isa = PBXGroup;
			children = (
				D4549E2B25ADADCB00F9225A /* homePageViewController.h */,
				D4549E2C25ADADCB00F9225A /* homePageViewController.m */,
				D47A05B025C8DE98004FE230 /* homePageTableViewController.h */,
				D47A05B125C8DE98004FE230 /* homePageTableViewController.m */,
			);
			path = C;
			sourceTree = "<group>";
		};
		D4E64EC025C933F700EE8247 /* tally */ = {
			isa = PBXGroup;
			children = (
				D4E64EC125C933F700EE8247 /* C */,
				D4E64EC225C933F700EE8247 /* V */,
			);
			path = tally;
			sourceTree = "<group>";
		};
		D4E64EC125C933F700EE8247 /* C */ = {
			isa = PBXGroup;
			children = (
				D4E64EC325C9341700EE8247 /* tallyViewController.h */,
				D4E64EC425C9341700EE8247 /* tallyViewController.m */,
				D4E8260025CA441800A9A8B3 /* tallyBaseViewController.h */,
				D4E8260125CA441800A9A8B3 /* tallyBaseViewController.m */,
			);
			path = C;
			sourceTree = "<group>";
		};
		D4E64EC225C933F700EE8247 /* V */ = {
			isa = PBXGroup;
			children = (
				D4E825F625C9520B00A9A8B3 /* tallySegment.h */,
				D4E825F725C9520B00A9A8B3 /* tallySegment.m */,
				D4E825FB25C9577E00A9A8B3 /* tallyScrollView.h */,
				D4E825FC25C9577E00A9A8B3 /* tallyScrollView.m */,
				D4E8260825CA679700A9A8B3 /* tallyBaseView.h */,
				D4E8260925CA679700A9A8B3 /* tallyBaseView.m */,
			);
			path = V;
			sourceTree = "<group>";
		};
		D4E9A30C25ADA98B009F0FF2 /* Class */ = {
			isa = PBXGroup;
			children = (
				D4E9A30D25ADA98B009F0FF2 /* homePage */,
				D4E64EC025C933F700EE8247 /* tally */,
				D4E9A30F25ADA98B009F0FF2 /* tubiao */,
				D4E9A30E25ADA98B009F0FF2 /* user */,
				D4E9A31025ADA98B009F0FF2 /* riji */,
			);
			path = Class;
			sourceTree = "<group>";
		};
		D4E9A30D25ADA98B009F0FF2 /* homePage */ = {
			isa = PBXGroup;
			children = (
				D4549E2A25ADAD9F00F9225A /* C */,
				D4549E2925ADAD9F00F9225A /* V */,
				D4549E2825ADAD9F00F9225A /* M */,
			);
			path = homePage;
			sourceTree = "<group>";
		};
		D4E9A30E25ADA98B009F0FF2 /* user */ = {
			isa = PBXGroup;
			children = (
				D4549E1A25ADABA200F9225A /* userViewController.h */,
				D4549E1B25ADABA200F9225A /* userViewController.m */,
			);
			path = user;
			sourceTree = "<group>";
		};
		D4E9A30F25ADA98B009F0FF2 /* tubiao */ = {
			isa = PBXGroup;
			children = (
				D4549E1E25ADABAC00F9225A /* tubiaoViewController.h */,
				D4549E1F25ADABAC00F9225A /* tubiaoViewController.m */,
			);
			path = tubiao;
			sourceTree = "<group>";
		};
		D4E9A31025ADA98B009F0FF2 /* riji */ = {
			isa = PBXGroup;
			children = (
				D4549E2225ADABB900F9225A /* rijiViewController.h */,
				D4549E2325ADABB900F9225A /* rijiViewController.m */,
			);
			path = riji;
			sourceTree = "<group>";
		};
		D4E9A31125ADA9A7009F0FF2 /* other */ = {
			isa = PBXGroup;
			children = (
				D411651525ADA40800FC8E36 /* AppDelegate.h */,
				D411651625ADA40800FC8E36 /* AppDelegate.m */,
				D411651825ADA40800FC8E36 /* SceneDelegate.h */,
				D411651925ADA40800FC8E36 /* SceneDelegate.m */,
				D411651B25ADA40800FC8E36 /* ViewController.h */,
				D411651C25ADA40800FC8E36 /* ViewController.m */,
				D411651E25ADA40800FC8E36 /* Main.storyboard */,
				D411652325ADA40F00FC8E36 /* LaunchScreen.storyboard */,
				D4E64EB025C8E9DF00EE8247 /* PrefixHeader.pch */,
			);
			path = other;
			sourceTree = "<group>";
		};
/* End PBXGroup section */

/* Begin PBXNativeTarget section */
		D411651125ADA40800FC8E36 /* notePod */ = {
			isa = PBXNativeTarget;
			buildConfigurationList = D411652B25ADA40F00FC8E36 /* Build configuration list for PBXNativeTarget "notePod" */;
			buildPhases = (
				FC7D0F4AC919D12B03DC60FB /* [CP] Check Pods Manifest.lock */,
				D411650E25ADA40800FC8E36 /* Sources */,
				D411650F25ADA40800FC8E36 /* Frameworks */,
				D411651025ADA40800FC8E36 /* Resources */,
			);
			buildRules = (
			);
			dependencies = (
			);
			name = notePod;
			productName = notePod;
			productReference = D411651225ADA40800FC8E36 /* notePod.app */;
			productType = "com.apple.product-type.application";
		};
/* End PBXNativeTarget section */

/* Begin PBXProject section */
		D411650A25ADA40800FC8E36 /* Project object */ = {
			isa = PBXProject;
			attributes = {
				LastUpgradeCheck = 1230;
				TargetAttributes = {
					D411651125ADA40800FC8E36 = {
						CreatedOnToolsVersion = 12.3;
					};
				};
			};
			buildConfigurationList = D411650D25ADA40800FC8E36 /* Build configuration list for PBXProject "notePod" */;
			compatibilityVersion = "Xcode 9.3";
			developmentRegion = en;
			hasScannedForEncodings = 0;
			knownRegions = (
				en,
				Base,
			);
			mainGroup = D411650925ADA40800FC8E36;
			productRefGroup = D411651325ADA40800FC8E36 /* Products */;
			projectDirPath = "";
			projectRoot = "";
			targets = (
				D411651125ADA40800FC8E36 /* notePod */,
			);
		};
/* End PBXProject section */

/* Begin PBXResourcesBuildPhase section */
		D411651025ADA40800FC8E36 /* Resources */ = {
			isa = PBXResourcesBuildPhase;
			buildActionMask = 2147483647;
			files = (
				D411652525ADA40F00FC8E36 /* LaunchScreen.storyboard in Resources */,
				D411652225ADA40F00FC8E36 /* Assets.xcassets in Resources */,
				D411652025ADA40800FC8E36 /* Main.storyboard in Resources */,
			);
			runOnlyForDeploymentPostprocessing = 0;
		};
/* End PBXResourcesBuildPhase section */

/* Begin PBXShellScriptBuildPhase section */
		FC7D0F4AC919D12B03DC60FB /* [CP] Check Pods Manifest.lock */ = {
			isa = PBXShellScriptBuildPhase;
			buildActionMask = 2147483647;
			files = (
			);
			inputFileListPaths = (
			);
			inputPaths = (
				"${PODS_PODFILE_DIR_PATH}/Podfile.lock",
				"${PODS_ROOT}/Manifest.lock",
			);
			name = "[CP] Check Pods Manifest.lock";
			outputFileListPaths = (
			);
			outputPaths = (
				"$(DERIVED_FILE_DIR)/Pods-notePod-checkManifestLockResult.txt",
			);
			runOnlyForDeploymentPostprocessing = 0;
			shellPath = /bin/sh;
			shellScript = "diff \"${PODS_PODFILE_DIR_PATH}/Podfile.lock\" \"${PODS_ROOT}/Manifest.lock\" > /dev/null\nif [ $? != 0 ] ; then\n    # print error to STDERR\n    echo \"error: The sandbox is not in sync with the Podfile.lock. Run 'pod install' or update your CocoaPods installation.\" >&2\n    exit 1\nfi\n# This output is used by Xcode 'outputs' to avoid re-running this script phase.\necho \"SUCCESS\" > \"${SCRIPT_OUTPUT_FILE_0}\"\n";
			showEnvVarsInLog = 0;
		};
/* End PBXShellScriptBuildPhase section */

/* Begin PBXSourcesBuildPhase section */
		D411650E25ADA40800FC8E36 /* Sources */ = {
			isa = PBXSourcesBuildPhase;
			buildActionMask = 2147483647;
			files = (
				D428C0FC25B0385A0056018A /* AppDelegate.h in Sources */,
				D4E8260225CA441800A9A8B3 /* tallyBaseViewController.m in Sources */,
				D411651D25ADA40800FC8E36 /* ViewController.m in Sources */,
				D4E825F825C9520B00A9A8B3 /* tallySegment.m in Sources */,
				D411651725ADA40800FC8E36 /* AppDelegate.m in Sources */,
				D4E64EBE25C9257600EE8247 /* tableFooterView.m in Sources */,
				D4E64EB825C8ECD400EE8247 /* tableHeaderView.m in Sources */,
				D47A05B625C8DEB1004FE230 /* homePageTableViewCell.m in Sources */,
				D47A05B225C8DE98004FE230 /* homePageTableViewController.m in Sources */,
				D4549E2425ADABB900F9225A /* rijiViewController.m in Sources */,
				D4549E1C25ADABA200F9225A /* userViewController.m in Sources */,
				D4549E2025ADABAC00F9225A /* tubiaoViewController.m in Sources */,
				D4E8260A25CA679700A9A8B3 /* tallyBaseView.m in Sources */,
				D411652825ADA40F00FC8E36 /* main.m in Sources */,
				D4E825FD25C9577E00A9A8B3 /* tallyScrollView.m in Sources */,
				D4E64EC525C9341700EE8247 /* tallyViewController.m in Sources */,
				D4549E2D25ADADCB00F9225A /* homePageViewController.m in Sources */,
				D411651A25ADA40800FC8E36 /* SceneDelegate.m in Sources */,
			);
			runOnlyForDeploymentPostprocessing = 0;
		};
/* End PBXSourcesBuildPhase section */

/* Begin PBXVariantGroup section */
		D411651E25ADA40800FC8E36 /* Main.storyboard */ = {
			isa = PBXVariantGroup;
			children = (
				D411651F25ADA40800FC8E36 /* Base */,
			);
			name = Main.storyboard;
			sourceTree = "<group>";
		};
		D411652325ADA40F00FC8E36 /* LaunchScreen.storyboard */ = {
			isa = PBXVariantGroup;
			children = (
				D411652425ADA40F00FC8E36 /* Base */,
			);
			name = LaunchScreen.storyboard;
			sourceTree = "<group>";
		};
/* End PBXVariantGroup section */

/* Begin XCBuildConfiguration section */
		D411652925ADA40F00FC8E36 /* Debug */ = {
			isa = XCBuildConfiguration;
			buildSettings = {
				ALWAYS_SEARCH_USER_PATHS = NO;
				CLANG_ANALYZER_NONNULL = YES;
				CLANG_ANALYZER_NUMBER_OBJECT_CONVERSION = YES_AGGRESSIVE;
				CLANG_CXX_LANGUAGE_STANDARD = "gnu++14";
				CLANG_CXX_LIBRARY = "libc++";
				CLANG_ENABLE_MODULES = YES;
				CLANG_ENABLE_OBJC_ARC = YES;
				CLANG_ENABLE_OBJC_WEAK = YES;
				CLANG_WARN_BLOCK_CAPTURE_AUTORELEASING = YES;
				CLANG_WARN_BOOL_CONVERSION = YES;
				CLANG_WARN_COMMA = YES;
				CLANG_WARN_CONSTANT_CONVERSION = YES;
				CLANG_WARN_DEPRECATED_OBJC_IMPLEMENTATIONS = YES;
				CLANG_WARN_DIRECT_OBJC_ISA_USAGE = YES_ERROR;
				CLANG_WARN_DOCUMENTATION_COMMENTS = YES;
				CLANG_WARN_EMPTY_BODY = YES;
				CLANG_WARN_ENUM_CONVERSION = YES;
				CLANG_WARN_INFINITE_RECURSION = YES;
				CLANG_WARN_INT_CONVERSION = YES;
				CLANG_WARN_NON_LITERAL_NULL_CONVERSION = YES;
				CLANG_WARN_OBJC_IMPLICIT_RETAIN_SELF = YES;
				CLANG_WARN_OBJC_LITERAL_CONVERSION = YES;
				CLANG_WARN_OBJC_ROOT_CLASS = YES_ERROR;
				CLANG_WARN_QUOTED_INCLUDE_IN_FRAMEWORK_HEADER = YES;
				CLANG_WARN_RANGE_LOOP_ANALYSIS = YES;
				CLANG_WARN_STRICT_PROTOTYPES = YES;
				CLANG_WARN_SUSPICIOUS_MOVE = YES;
				CLANG_WARN_UNGUARDED_AVAILABILITY = YES_AGGRESSIVE;
				CLANG_WARN_UNREACHABLE_CODE = YES;
				CLANG_WARN__DUPLICATE_METHOD_MATCH = YES;
				COPY_PHASE_STRIP = NO;
				DEBUG_INFORMATION_FORMAT = dwarf;
				ENABLE_STRICT_OBJC_MSGSEND = YES;
				ENABLE_TESTABILITY = YES;
				GCC_C_LANGUAGE_STANDARD = gnu11;
				GCC_DYNAMIC_NO_PIC = NO;
				GCC_NO_COMMON_BLOCKS = YES;
				GCC_OPTIMIZATION_LEVEL = 0;
				GCC_PREPROCESSOR_DEFINITIONS = (
					"DEBUG=1",
					"$(inherited)",
				);
				GCC_WARN_64_TO_32_BIT_CONVERSION = YES;
				GCC_WARN_ABOUT_RETURN_TYPE = YES_ERROR;
				GCC_WARN_UNDECLARED_SELECTOR = YES;
				GCC_WARN_UNINITIALIZED_AUTOS = YES_AGGRESSIVE;
				GCC_WARN_UNUSED_FUNCTION = YES;
				GCC_WARN_UNUSED_VARIABLE = YES;
				IPHONEOS_DEPLOYMENT_TARGET = 14.3;
				MTL_ENABLE_DEBUG_INFO = INCLUDE_SOURCE;
				MTL_FAST_MATH = YES;
				ONLY_ACTIVE_ARCH = YES;
				SDKROOT = iphoneos;
			};
			name = Debug;
		};
		D411652A25ADA40F00FC8E36 /* Release */ = {
			isa = XCBuildConfiguration;
			buildSettings = {
				ALWAYS_SEARCH_USER_PATHS = NO;
				CLANG_ANALYZER_NONNULL = YES;
				CLANG_ANALYZER_NUMBER_OBJECT_CONVERSION = YES_AGGRESSIVE;
				CLANG_CXX_LANGUAGE_STANDARD = "gnu++14";
				CLANG_CXX_LIBRARY = "libc++";
				CLANG_ENABLE_MODULES = YES;
				CLANG_ENABLE_OBJC_ARC = YES;
				CLANG_ENABLE_OBJC_WEAK = YES;
				CLANG_WARN_BLOCK_CAPTURE_AUTORELEASING = YES;
				CLANG_WARN_BOOL_CONVERSION = YES;
				CLANG_WARN_COMMA = YES;
				CLANG_WARN_CONSTANT_CONVERSION = YES;
				CLANG_WARN_DEPRECATED_OBJC_IMPLEMENTATIONS = YES;
				CLANG_WARN_DIRECT_OBJC_ISA_USAGE = YES_ERROR;
				CLANG_WARN_DOCUMENTATION_COMMENTS = YES;
				CLANG_WARN_EMPTY_BODY = YES;
				CLANG_WARN_ENUM_CONVERSION = YES;
				CLANG_WARN_INFINITE_RECURSION = YES;
				CLANG_WARN_INT_CONVERSION = YES;
				CLANG_WARN_NON_LITERAL_NULL_CONVERSION = YES;
				CLANG_WARN_OBJC_IMPLICIT_RETAIN_SELF = YES;
				CLANG_WARN_OBJC_LITERAL_CONVERSION = YES;
				CLANG_WARN_OBJC_ROOT_CLASS = YES_ERROR;
				CLANG_WARN_QUOTED_INCLUDE_IN_FRAMEWORK_HEADER = YES;
				CLANG_WARN_RANGE_LOOP_ANALYSIS = YES;
				CLANG_WARN_STRICT_PROTOTYPES = YES;
				CLANG_WARN_SUSPICIOUS_MOVE = YES;
				CLANG_WARN_UNGUARDED_AVAILABILITY = YES_AGGRESSIVE;
				CLANG_WARN_UNREACHABLE_CODE = YES;
				CLANG_WARN__DUPLICATE_METHOD_MATCH = YES;
				COPY_PHASE_STRIP = NO;
				DEBUG_INFORMATION_FORMAT = "dwarf-with-dsym";
				ENABLE_NS_ASSERTIONS = NO;
				ENABLE_STRICT_OBJC_MSGSEND = YES;
				GCC_C_LANGUAGE_STANDARD = gnu11;
				GCC_NO_COMMON_BLOCKS = YES;
				GCC_WARN_64_TO_32_BIT_CONVERSION = YES;
				GCC_WARN_ABOUT_RETURN_TYPE = YES_ERROR;
				GCC_WARN_UNDECLARED_SELECTOR = YES;
				GCC_WARN_UNINITIALIZED_AUTOS = YES_AGGRESSIVE;
				GCC_WARN_UNUSED_FUNCTION = YES;
				GCC_WARN_UNUSED_VARIABLE = YES;
				IPHONEOS_DEPLOYMENT_TARGET = 14.3;
				MTL_ENABLE_DEBUG_INFO = NO;
				MTL_FAST_MATH = YES;
				SDKROOT = iphoneos;
				VALIDATE_PRODUCT = YES;
			};
			name = Release;
		};
		D411652C25ADA40F00FC8E36 /* Debug */ = {
			isa = XCBuildConfiguration;
			baseConfigurationReference = 64BD3725024B22C15FDDDAAE /* Pods-notePod.debug.xcconfig */;
			buildSettings = {
				ASSETCATALOG_COMPILER_APPICON_NAME = AppIcon;
				ASSETCATALOG_COMPILER_GLOBAL_ACCENT_COLOR_NAME = AccentColor;
				CODE_SIGN_STYLE = Automatic;
				DEVELOPMENT_TEAM = UR8RL73HKN;
				GCC_PRECOMPILE_PREFIX_HEADER = YES;
				GCC_PREFIX_HEADER = notePod/other/PrefixHeader.pch;
				INFOPLIST_FILE = notePod/Info.plist;
				LD_RUNPATH_SEARCH_PATHS = (
					"$(inherited)",
					"@executable_path/Frameworks",
				);
				PRODUCT_BUNDLE_IDENTIFIER = "-.notePod";
				PRODUCT_NAME = "$(TARGET_NAME)";
				TARGETED_DEVICE_FAMILY = "1,2";
			};
			name = Debug;
		};
		D411652D25ADA40F00FC8E36 /* Release */ = {
			isa = XCBuildConfiguration;
			baseConfigurationReference = 607433EF3181706626A6DECF /* Pods-notePod.release.xcconfig */;
			buildSettings = {
				ASSETCATALOG_COMPILER_APPICON_NAME = AppIcon;
				ASSETCATALOG_COMPILER_GLOBAL_ACCENT_COLOR_NAME = AccentColor;
				CODE_SIGN_STYLE = Automatic;
				DEVELOPMENT_TEAM = UR8RL73HKN;
				GCC_PRECOMPILE_PREFIX_HEADER = YES;
				GCC_PREFIX_HEADER = notePod/other/PrefixHeader.pch;
				INFOPLIST_FILE = notePod/Info.plist;
				LD_RUNPATH_SEARCH_PATHS = (
					"$(inherited)",
					"@executable_path/Frameworks",
				);
				PRODUCT_BUNDLE_IDENTIFIER = "-.notePod";
				PRODUCT_NAME = "$(TARGET_NAME)";
				TARGETED_DEVICE_FAMILY = "1,2";
			};
			name = Release;
		};
/* End XCBuildConfiguration section */

/* Begin XCConfigurationList section */
		D411650D25ADA40800FC8E36 /* Build configuration list for PBXProject "notePod" */ = {
			isa = XCConfigurationList;
			buildConfigurations = (
				D411652925ADA40F00FC8E36 /* Debug */,
				D411652A25ADA40F00FC8E36 /* Release */,
			);
			defaultConfigurationIsVisible = 0;
			defaultConfigurationName = Release;
		};
		D411652B25ADA40F00FC8E36 /* Build configuration list for PBXNativeTarget "notePod" */ = {
			isa = XCConfigurationList;
			buildConfigurations = (
				D411652C25ADA40F00FC8E36 /* Debug */,
				D411652D25ADA40F00FC8E36 /* Release */,
			);
			defaultConfigurationIsVisible = 0;
			defaultConfigurationName = Release;
		};
/* End XCConfigurationList section */
	};
	rootObject = D411650A25ADA40800FC8E36 /* Project object */;
}
